{
  "name": "index_folder",
  "lockfileVersion": 3,
  "requires": true,
  "packages": {
    "": {
      "dependencies": {
        "leaflet-geoserver-request": "^1.3.0"
      }
    },
    "node_modules/leaflet-geoserver-request": {
      "version": "1.3.0",
      "resolved": "https://registry.npmjs.org/leaflet-geoserver-request/-/leaflet-geoserver-request-1.3.0.tgz",
      "integrity": "sha512-omnpMUJOacABZ/XBajd5qOLmHmsKB+8F45htELUy0X/6ROcFWWX79fNDp3uAplKZkiR7aLeXgOY5kl9SzVCtQw=="
    }
  }
}
